
Microsoft Visual Studio Solution File, Format Version 10.00
# Visual Studio 2008
Project("{8BC9CEB8-8B4A-11D0-8D11-00A0C91BC942}") = "BuildMyDll", "BuildMyDll\BuildMyDll.vcproj", "{EFF5C759-201D-418B-A941-5261744E6B0D}"
EndProject
Global
	GlobalSection(SolutionConfigurationPlatforms) = preSolution
		Debug|Win32 = Debug|Win32
		Release|Win32 = Release|Win32
	EndGlobalSection
	GlobalSection(ProjectConfigurationPlatforms) = postSolution
		{EFF5C759-201D-418B-A941-5261744E6B0D}.Debug|Win32.ActiveCfg = Debug|Win32
		{EFF5C759-201D-418B-A941-5261744E6B0D}.Debug|Win32.Build.0 = Debug|Win32
		{EFF5C759-201D-418B-A941-5261744E6B0D}.Release|Win32.ActiveCfg = Release|Win32
		{EFF5C759-201D-418B-A941-5261744E6B0D}.Release|Win32.Build.0 = Release|Win32
	EndGlobalSection
	GlobalSection(SolutionProperties) = preSolution
		HideSolutionNode = FALSE
	EndGlobalSection
EndGlobal
