
Microsoft Visual Studio Solution File, Format Version 10.00
# Visual Studio 2008
Project("{8BC9CEB8-8B4A-11D0-8D11-00A0C91BC942}") = "ApplyMyDll", "ApplyMyDll\ApplyMyDll.vcproj", "{A5B53166-04F4-46E1-87A3-EADA715A27C9}"
EndProject
Global
	GlobalSection(SolutionConfigurationPlatforms) = preSolution
		Debug|Win32 = Debug|Win32
		Release|Win32 = Release|Win32
	EndGlobalSection
	GlobalSection(ProjectConfigurationPlatforms) = postSolution
		{A5B53166-04F4-46E1-87A3-EADA715A27C9}.Debug|Win32.ActiveCfg = Debug|Win32
		{A5B53166-04F4-46E1-87A3-EADA715A27C9}.Debug|Win32.Build.0 = Debug|Win32
		{A5B53166-04F4-46E1-87A3-EADA715A27C9}.Release|Win32.ActiveCfg = Release|Win32
		{A5B53166-04F4-46E1-87A3-EADA715A27C9}.Release|Win32.Build.0 = Release|Win32
	EndGlobalSection
	GlobalSection(SolutionProperties) = preSolution
		HideSolutionNode = FALSE
	EndGlobalSection
EndGlobal
